
Microsoft Visual Studio Solution File, Format Version 12.00
# Visual Studio 15
VisualStudioVersion = 15.0.26730.12
MinimumVisualStudioVersion = 10.0.40219.1
Project("{2150E333-8FDC-42A3-9474-1A3956D46DE8}") = "Solution Items", "Solution Items", "{2090259B-6943-49FA-AA92-606F66AC8688}"
	ProjectSection(FolderStartupServices) = postProject
		{B4F97281-0DBD-4835-9ED8-7DFB966E87FF} = {B4F97281-0DBD-4835-9ED8-7DFB966E87FF}
	EndProjectSection
EndProject
Project("{FAE04EC0-301F-11D3-BF4B-00C04F79EFBC}") = "AddressBook", "AddressBook\AddressBook.csproj", "{6A039B10-8057-4210-A73D-5B398E6306C0}"
EndProject
Project("{FAE04EC0-301F-11D3-BF4B-00C04F79EFBC}") = "Standard", "Standard\Standard.csproj", "{E2CD1997-42F5-400B-96BD-42014F396B64}"
EndProject
Project("{FAE04EC0-301F-11D3-BF4B-00C04F79EFBC}") = "Contacts", "Contacts\Contacts.csproj", "{161AE7C0-C32A-436C-9518-9F819733EE7F}"
EndProject
Global
	GlobalSection(SolutionConfigurationPlatforms) = preSolution
		Debug|Any CPU = Debug|Any CPU
		Debug|x86 = Debug|x86
		Release|Any CPU = Release|Any CPU
		Release|x86 = Release|x86
	EndGlobalSection
	GlobalSection(ProjectConfigurationPlatforms) = postSolution
		{6A039B10-8057-4210-A73D-5B398E6306C0}.Debug|Any CPU.ActiveCfg = Debug|Any CPU
		{6A039B10-8057-4210-A73D-5B398E6306C0}.Debug|Any CPU.Build.0 = Debug|Any CPU
		{6A039B10-8057-4210-A73D-5B398E6306C0}.Debug|x86.ActiveCfg = Debug|x86
		{6A039B10-8057-4210-A73D-5B398E6306C0}.Debug|x86.Build.0 = Debug|x86
		{6A039B10-8057-4210-A73D-5B398E6306C0}.Release|Any CPU.ActiveCfg = Release|Any CPU
		{6A039B10-8057-4210-A73D-5B398E6306C0}.Release|Any CPU.Build.0 = Release|Any CPU
		{6A039B10-8057-4210-A73D-5B398E6306C0}.Release|x86.ActiveCfg = Release|Any CPU
		{E2CD1997-42F5-400B-96BD-42014F396B64}.Debug|Any CPU.ActiveCfg = Debug|Any CPU
		{E2CD1997-42F5-400B-96BD-42014F396B64}.Debug|Any CPU.Build.0 = Debug|Any CPU
		{E2CD1997-42F5-400B-96BD-42014F396B64}.Debug|x86.ActiveCfg = Debug|x86
		{E2CD1997-42F5-400B-96BD-42014F396B64}.Debug|x86.Build.0 = Debug|x86
		{E2CD1997-42F5-400B-96BD-42014F396B64}.Release|Any CPU.ActiveCfg = Release|Any CPU
		{E2CD1997-42F5-400B-96BD-42014F396B64}.Release|Any CPU.Build.0 = Release|Any CPU
		{E2CD1997-42F5-400B-96BD-42014F396B64}.Release|x86.ActiveCfg = Release|Any CPU
		{161AE7C0-C32A-436C-9518-9F819733EE7F}.Debug|Any CPU.ActiveCfg = Debug|Any CPU
		{161AE7C0-C32A-436C-9518-9F819733EE7F}.Debug|Any CPU.Build.0 = Debug|Any CPU
		{161AE7C0-C32A-436C-9518-9F819733EE7F}.Debug|x86.ActiveCfg = Debug|x86
		{161AE7C0-C32A-436C-9518-9F819733EE7F}.Debug|x86.Build.0 = Debug|x86
		{161AE7C0-C32A-436C-9518-9F819733EE7F}.Release|Any CPU.ActiveCfg = Release|Any CPU
		{161AE7C0-C32A-436C-9518-9F819733EE7F}.Release|Any CPU.Build.0 = Release|Any CPU
		{161AE7C0-C32A-436C-9518-9F819733EE7F}.Release|x86.ActiveCfg = Release|x86
		{161AE7C0-C32A-436C-9518-9F819733EE7F}.Release|x86.Build.0 = Release|x86
	EndGlobalSection
	GlobalSection(SolutionProperties) = preSolution
		HideSolutionNode = FALSE
	EndGlobalSection
	GlobalSection(ExtensibilityGlobals) = postSolution
		SolutionGuid = {AE6EA580-7275-4E41-8ACB-B5A6BAEA8AF0}
	EndGlobalSection
	GlobalSection(TextTemplating) = postSolution
		TextTemplating = 1
	EndGlobalSection
EndGlobal
